
Microsoft Visual Studio Solution File, Format Version 12.00
# Visual Studio Version 17
VisualStudioVersion = 17.6.33815.320
MinimumVisualStudioVersion = 10.0.40219.1
Project("{9A19103F-16F7-4668-BE54-9A1E7A4F7556}") = "ConsoleApp", "ConsoleApp\ConsoleApp.csproj", "{FC81E6E5-9449-4E5D-B89F-58BCE7CB99A7}"
EndProject
Project("{9A19103F-16F7-4668-BE54-9A1E7A4F7556}") = "Core", "Core\Core.csproj", "{BE2841F8-3878-41A4-9B31-6B6D0586A2FA}"
EndProject
Project("{FAE04EC0-301F-11D3-BF4B-00C04F79EFBC}") = "Tests", "Tests\Tests.csproj", "{B37DA770-80AA-4EFA-89DF-E52BFC926DD6}"
EndProject
Global
	GlobalSection(SolutionConfigurationPlatforms) = preSolution
		Debug|Any CPU = Debug|Any CPU
		Release|Any CPU = Release|Any CPU
	EndGlobalSection
	GlobalSection(ProjectConfigurationPlatforms) = postSolution
		{FC81E6E5-9449-4E5D-B89F-58BCE7CB99A7}.Debug|Any CPU.ActiveCfg = Debug|Any CPU
		{FC81E6E5-9449-4E5D-B89F-58BCE7CB99A7}.Debug|Any CPU.Build.0 = Debug|Any CPU
		{FC81E6E5-9449-4E5D-B89F-58BCE7CB99A7}.Release|Any CPU.ActiveCfg = Release|Any CPU
		{FC81E6E5-9449-4E5D-B89F-58BCE7CB99A7}.Release|Any CPU.Build.0 = Release|Any CPU
		{BE2841F8-3878-41A4-9B31-6B6D0586A2FA}.Debug|Any CPU.ActiveCfg = Debug|Any CPU
		{BE2841F8-3878-41A4-9B31-6B6D0586A2FA}.Debug|Any CPU.Build.0 = Debug|Any CPU
		{BE2841F8-3878-41A4-9B31-6B6D0586A2FA}.Release|Any CPU.ActiveCfg = Release|Any CPU
		{BE2841F8-3878-41A4-9B31-6B6D0586A2FA}.Release|Any CPU.Build.0 = Release|Any CPU
		{B37DA770-80AA-4EFA-89DF-E52BFC926DD6}.Debug|Any CPU.ActiveCfg = Debug|Any CPU
		{B37DA770-80AA-4EFA-89DF-E52BFC926DD6}.Debug|Any CPU.Build.0 = Debug|Any CPU
		{B37DA770-80AA-4EFA-89DF-E52BFC926DD6}.Release|Any CPU.ActiveCfg = Release|Any CPU
		{B37DA770-80AA-4EFA-89DF-E52BFC926DD6}.Release|Any CPU.Build.0 = Release|Any CPU
	EndGlobalSection
	GlobalSection(SolutionProperties) = preSolution
		HideSolutionNode = FALSE
	EndGlobalSection
	GlobalSection(ExtensibilityGlobals) = postSolution
		SolutionGuid = {922F0E71-0888-477D-8801-8308E8A8520A}
	EndGlobalSection
EndGlobal
